
Microsoft Visual Studio Solution File, Format Version 12.00
# Visual Studio Version 17
VisualStudioVersion = 17.7.34221.43
MinimumVisualStudioVersion = 10.0.40219.1
Project("{FAE04EC0-301F-11D3-BF4B-00C04F79EFBC}") = "MVC_EmployeeTravelRequestProject", "MVC_EmployeeTravelRequestProject.csproj", "{9A04386A-8EC5-4156-A00A-7106C45A544A}"
EndProject
Global
	GlobalSection(SolutionConfigurationPlatforms) = preSolution
		Debug|Any CPU = Debug|Any CPU
		Release|Any CPU = Release|Any CPU
	EndGlobalSection
	GlobalSection(ProjectConfigurationPlatforms) = postSolution
		{9A04386A-8EC5-4156-A00A-7106C45A544A}.Debug|Any CPU.ActiveCfg = Debug|Any CPU
		{9A04386A-8EC5-4156-A00A-7106C45A544A}.Debug|Any CPU.Build.0 = Debug|Any CPU
		{9A04386A-8EC5-4156-A00A-7106C45A544A}.Release|Any CPU.ActiveCfg = Release|Any CPU
		{9A04386A-8EC5-4156-A00A-7106C45A544A}.Release|Any CPU.Build.0 = Release|Any CPU
	EndGlobalSection
	GlobalSection(SolutionProperties) = preSolution
		HideSolutionNode = FALSE
	EndGlobalSection
	GlobalSection(ExtensibilityGlobals) = postSolution
		SolutionGuid = {756A35C3-0ECA-4B42-ACEC-8B2A3E4C83E5}
	EndGlobalSection
EndGlobal
