
Microsoft Visual Studio Solution File, Format Version 12.00
# Visual Studio Version 17
VisualStudioVersion = 17.7.34221.43
MinimumVisualStudioVersion = 10.0.40219.1
Project("{FAE04EC0-301F-11D3-BF4B-00C04F79EFBC}") = "MVC_DBFirstDemo", "MVC_DBFirstDemo.csproj", "{F8ED8746-10A8-4DAB-B014-5A8D95F2380B}"
EndProject
Global
	GlobalSection(SolutionConfigurationPlatforms) = preSolution
		Debug|Any CPU = Debug|Any CPU
		Release|Any CPU = Release|Any CPU
	EndGlobalSection
	GlobalSection(ProjectConfigurationPlatforms) = postSolution
		{F8ED8746-10A8-4DAB-B014-5A8D95F2380B}.Debug|Any CPU.ActiveCfg = Debug|Any CPU
		{F8ED8746-10A8-4DAB-B014-5A8D95F2380B}.Debug|Any CPU.Build.0 = Debug|Any CPU
		{F8ED8746-10A8-4DAB-B014-5A8D95F2380B}.Release|Any CPU.ActiveCfg = Release|Any CPU
		{F8ED8746-10A8-4DAB-B014-5A8D95F2380B}.Release|Any CPU.Build.0 = Release|Any CPU
	EndGlobalSection
	GlobalSection(SolutionProperties) = preSolution
		HideSolutionNode = FALSE
	EndGlobalSection
	GlobalSection(ExtensibilityGlobals) = postSolution
		SolutionGuid = {756F5879-8496-4319-9BE2-F7DF07541473}
	EndGlobalSection
EndGlobal
